
Microsoft Visual Studio Solution File, Format Version 12.00
# Visual Studio 14
VisualStudioVersion = 14.0.25420.1
MinimumVisualStudioVersion = 10.0.40219.1
Project("{FAE04EC0-301F-11D3-BF4B-00C04F79EFBC}") = "CameraApp", "CameraApp\CameraApp.csproj", "{7B02BABE-67E9-4E14-9156-0F889500F165}"
EndProject
Project("{FAE04EC0-301F-11D3-BF4B-00C04F79EFBC}") = "Import Excel file into DataGridView", "C:\Users\Administrator.1JYBSHQ781IO1PK\Downloads\Compressed\Import Excel file into DataGridView\Import Excel file into DataGridView\Import Excel file into DataGridView.csproj", "{3F262050-28E4-4E1E-BF4D-612F789228A3}"
EndProject
Global
	GlobalSection(SolutionConfigurationPlatforms) = preSolution
		Debug|Any CPU = Debug|Any CPU
		Debug|x86 = Debug|x86
		Release|Any CPU = Release|Any CPU
		Release|x86 = Release|x86
	EndGlobalSection
	GlobalSection(ProjectConfigurationPlatforms) = postSolution
		{7B02BABE-67E9-4E14-9156-0F889500F165}.Debug|Any CPU.ActiveCfg = Debug|Any CPU
		{7B02BABE-67E9-4E14-9156-0F889500F165}.Debug|Any CPU.Build.0 = Debug|Any CPU
		{7B02BABE-67E9-4E14-9156-0F889500F165}.Debug|x86.ActiveCfg = Debug|Any CPU
		{7B02BABE-67E9-4E14-9156-0F889500F165}.Debug|x86.Build.0 = Debug|Any CPU
		{7B02BABE-67E9-4E14-9156-0F889500F165}.Release|Any CPU.ActiveCfg = Release|Any CPU
		{7B02BABE-67E9-4E14-9156-0F889500F165}.Release|Any CPU.Build.0 = Release|Any CPU
		{7B02BABE-67E9-4E14-9156-0F889500F165}.Release|x86.ActiveCfg = Release|Any CPU
		{7B02BABE-67E9-4E14-9156-0F889500F165}.Release|x86.Build.0 = Release|Any CPU
		{3F262050-28E4-4E1E-BF4D-612F789228A3}.Debug|Any CPU.ActiveCfg = Debug|Any CPU
		{3F262050-28E4-4E1E-BF4D-612F789228A3}.Debug|Any CPU.Build.0 = Debug|Any CPU
		{3F262050-28E4-4E1E-BF4D-612F789228A3}.Debug|x86.ActiveCfg = Debug|Any CPU
		{3F262050-28E4-4E1E-BF4D-612F789228A3}.Debug|x86.Build.0 = Debug|Any CPU
		{3F262050-28E4-4E1E-BF4D-612F789228A3}.Release|Any CPU.ActiveCfg = Release|Any CPU
		{3F262050-28E4-4E1E-BF4D-612F789228A3}.Release|Any CPU.Build.0 = Release|Any CPU
		{3F262050-28E4-4E1E-BF4D-612F789228A3}.Release|x86.ActiveCfg = Release|Any CPU
		{3F262050-28E4-4E1E-BF4D-612F789228A3}.Release|x86.Build.0 = Release|Any CPU
	EndGlobalSection
	GlobalSection(SolutionProperties) = preSolution
		HideSolutionNode = FALSE
	EndGlobalSection
EndGlobal
